
Microsoft Visual Studio Solution File, Format Version 12.00
# Visual Studio Version 17
VisualStudioVersion = 17.0.31903.59
MinimumVisualStudioVersion = 10.0.40219.1
Project("{FAE04EC0-301F-11D3-BF4B-00C04F79EFBC}") = "Overfit", "Overfit.csproj", "{F39C620E-AC22-4958-8E3A-E6EB2A487867}"
EndProject
Project("{FAE04EC0-301F-11D3-BF4B-00C04F79EFBC}") = "Overfit.Rules.Tests", "..\tests\Overfit.Rules.Tests\Overfit.Rules.Tests.csproj", "{4C10FC8C-F6E9-418B-A25D-1DFB77ACBD29}"
EndProject
Global
	GlobalSection(SolutionConfigurationPlatforms) = preSolution
		Debug|Any CPU = Debug|Any CPU
		Debug|x64 = Debug|x64
		Debug|x86 = Debug|x86
		Release|Any CPU = Release|Any CPU
		Release|x64 = Release|x64
		Release|x86 = Release|x86
	EndGlobalSection
	GlobalSection(ProjectConfigurationPlatforms) = postSolution
		{F39C620E-AC22-4958-8E3A-E6EB2A487867}.Debug|Any CPU.ActiveCfg = Debug|Any CPU
		{F39C620E-AC22-4958-8E3A-E6EB2A487867}.Debug|Any CPU.Build.0 = Debug|Any CPU
		{F39C620E-AC22-4958-8E3A-E6EB2A487867}.Debug|x64.ActiveCfg = Debug|Any CPU
		{F39C620E-AC22-4958-8E3A-E6EB2A487867}.Debug|x64.Build.0 = Debug|Any CPU
		{F39C620E-AC22-4958-8E3A-E6EB2A487867}.Debug|x86.ActiveCfg = Debug|Any CPU
		{F39C620E-AC22-4958-8E3A-E6EB2A487867}.Debug|x86.Build.0 = Debug|Any CPU
		{F39C620E-AC22-4958-8E3A-E6EB2A487867}.Release|Any CPU.ActiveCfg = Debug|Any CPU
		{F39C620E-AC22-4958-8E3A-E6EB2A487867}.Release|Any CPU.Build.0 = Debug|Any CPU
		{F39C620E-AC22-4958-8E3A-E6EB2A487867}.Release|x64.ActiveCfg = Debug|Any CPU
		{F39C620E-AC22-4958-8E3A-E6EB2A487867}.Release|x64.Build.0 = Debug|Any CPU
		{F39C620E-AC22-4958-8E3A-E6EB2A487867}.Release|x86.ActiveCfg = Debug|Any CPU
		{F39C620E-AC22-4958-8E3A-E6EB2A487867}.Release|x86.Build.0 = Debug|Any CPU
		{4C10FC8C-F6E9-418B-A25D-1DFB77ACBD29}.Debug|Any CPU.ActiveCfg = Debug|Any CPU
		{4C10FC8C-F6E9-418B-A25D-1DFB77ACBD29}.Debug|Any CPU.Build.0 = Debug|Any CPU
		{4C10FC8C-F6E9-418B-A25D-1DFB77ACBD29}.Debug|x64.ActiveCfg = Debug|Any CPU
		{4C10FC8C-F6E9-418B-A25D-1DFB77ACBD29}.Debug|x64.Build.0 = Debug|Any CPU
		{4C10FC8C-F6E9-418B-A25D-1DFB77ACBD29}.Debug|x86.ActiveCfg = Debug|Any CPU
		{4C10FC8C-F6E9-418B-A25D-1DFB77ACBD29}.Debug|x86.Build.0 = Debug|Any CPU
		{4C10FC8C-F6E9-418B-A25D-1DFB77ACBD29}.Release|Any CPU.ActiveCfg = Release|Any CPU
		{4C10FC8C-F6E9-418B-A25D-1DFB77ACBD29}.Release|Any CPU.Build.0 = Release|Any CPU
		{4C10FC8C-F6E9-418B-A25D-1DFB77ACBD29}.Release|x64.ActiveCfg = Release|Any CPU
		{4C10FC8C-F6E9-418B-A25D-1DFB77ACBD29}.Release|x64.Build.0 = Release|Any CPU
		{4C10FC8C-F6E9-418B-A25D-1DFB77ACBD29}.Release|x86.ActiveCfg = Release|Any CPU
		{4C10FC8C-F6E9-418B-A25D-1DFB77ACBD29}.Release|x86.Build.0 = Release|Any CPU
	EndGlobalSection
	GlobalSection(SolutionProperties) = preSolution
		HideSolutionNode = FALSE
	EndGlobalSection
EndGlobal
